// !$*UTF8*$!
{
	archiveVersion = 1;
	classes = {
	};
	objectVersion = 48;
	objects = {

/* Begin PBXBuildFile section */
		D9043B9D1F0360EF001D9B50 /* AppleMusicKit.framework in Frameworks */ = {isa = PBXBuildFile; fileRef = D9A024FC1F00F22300C49113 /* AppleMusicKit.framework */; };
		D9043B9E1F0360EF001D9B50 /* AppleMusicKit.framework in Embed Frameworks */ = {isa = PBXBuildFile; fileRef = D9A024FC1F00F22300C49113 /* AppleMusicKit.framework */; settings = {ATTRIBUTES = (CodeSignOnCopy, RemoveHeadersOnCopy, ); }; };
		D9043BA21F0360F5001D9B50 /* APIKit.framework in Frameworks */ = {isa = PBXBuildFile; fileRef = D9A0250E1F00F63E00C49113 /* APIKit.framework */; };
		D9043BA31F0360F5001D9B50 /* APIKit.framework in Embed Frameworks */ = {isa = PBXBuildFile; fileRef = D9A0250E1F00F63E00C49113 /* APIKit.framework */; settings = {ATTRIBUTES = (CodeSignOnCopy, RemoveHeadersOnCopy, ); }; };
		D9043BA41F0360F5001D9B50 /* Result.framework in Frameworks */ = {isa = PBXBuildFile; fileRef = D9A0250D1F00F63E00C49113 /* Result.framework */; };
		D9043BA51F0360F5001D9B50 /* Result.framework in Embed Frameworks */ = {isa = PBXBuildFile; fileRef = D9A0250D1F00F63E00C49113 /* Result.framework */; settings = {ATTRIBUTES = (CodeSignOnCopy, RemoveHeadersOnCopy, ); }; };
		D90ACBE11F0A2D4200D6CB94 /* Utils.swift in Sources */ = {isa = PBXBuildFile; fileRef = D90ACBE01F0A2D4200D6CB94 /* Utils.swift */; };
		D90ACBE31F0A458E00D6CB94 /* FetchStations.swift in Sources */ = {isa = PBXBuildFile; fileRef = D90ACBE21F0A458E00D6CB94 /* FetchStations.swift */; };
		D90ACBE51F0A45CA00D6CB94 /* Station.swift in Sources */ = {isa = PBXBuildFile; fileRef = D90ACBE41F0A45CA00D6CB94 /* Station.swift */; };
		D92087191F02563F00F995FA /* Storefront.swift in Sources */ = {isa = PBXBuildFile; fileRef = D92087181F02563F00F995FA /* Storefront.swift */; };
		D920871B1F0256C600F995FA /* Response.swift in Sources */ = {isa = PBXBuildFile; fileRef = D920871A1F0256C600F995FA /* Response.swift */; };
		D920871D1F0266A200F995FA /* Session.swift in Sources */ = {isa = PBXBuildFile; fileRef = D920871C1F0266A200F995FA /* Session.swift */; };
		D93B01021F0BE740005216B6 /* FetchGenres.swift in Sources */ = {isa = PBXBuildFile; fileRef = D93B01011F0BE740005216B6 /* FetchGenres.swift */; };
		D93B01061F0D3F6A005216B6 /* FetchAppleCurators.swift in Sources */ = {isa = PBXBuildFile; fileRef = D93B01051F0D3F6A005216B6 /* FetchAppleCurators.swift */; };
		D93B01081F0E87E2005216B6 /* Error.swift in Sources */ = {isa = PBXBuildFile; fileRef = D93B01071F0E87E2005216B6 /* Error.swift */; };
		D93B356E1F092B1200A5D216 /* FetchCharts.swift in Sources */ = {isa = PBXBuildFile; fileRef = D93B356D1F092A1500A5D216 /* FetchCharts.swift */; };
		D94E4C3B1F1E1F8900F0F757 /* TopViewController.swift in Sources */ = {isa = PBXBuildFile; fileRef = D94E4C3A1F1E1F8900F0F757 /* TopViewController.swift */; };
		D96CB9DF1F0C976B003B8122 /* AnyResource.swift in Sources */ = {isa = PBXBuildFile; fileRef = D96CB9DE1F0C976B003B8122 /* AnyResource.swift */; };
		D96CB9E11F0C9846003B8122 /* Recommendation.swift in Sources */ = {isa = PBXBuildFile; fileRef = D96CB9E01F0C9846003B8122 /* Recommendation.swift */; };
		D97C47021F07678500DADC28 /* Resource.swift in Sources */ = {isa = PBXBuildFile; fileRef = D97C47011F07678500DADC28 /* Resource.swift */; };
		D97C47041F0769BE00DADC28 /* Playlist.swift in Sources */ = {isa = PBXBuildFile; fileRef = D97C47031F0769BE00DADC28 /* Playlist.swift */; };
		D97C47061F076A2B00DADC28 /* FetchPlaylists.swift in Sources */ = {isa = PBXBuildFile; fileRef = D97C47051F076A2B00DADC28 /* FetchPlaylists.swift */; };
		D97C47081F076A7900DADC28 /* Curator.swift in Sources */ = {isa = PBXBuildFile; fileRef = D97C47071F076A7900DADC28 /* Curator.swift */; };
		D98163E31F1E0168000341ED /* get_album.json in Resources */ = {isa = PBXBuildFile; fileRef = D98163E11F1E015C000341ED /* get_album.json */; };
		D98163E41F1E016B000341ED /* get_multiple_albums.json in Resources */ = {isa = PBXBuildFile; fileRef = D98163E21F1E015C000341ED /* get_multiple_albums.json */; };
		D98163E61F1E01B8000341ED /* AlbumTests.swift in Sources */ = {isa = PBXBuildFile; fileRef = D98163E51F1E01B8000341ED /* AlbumTests.swift */; };
		D98163E81F1E0A1D000341ED /* DeviceTokenInputViewController.swift in Sources */ = {isa = PBXBuildFile; fileRef = D98163E71F1E0A1D000341ED /* DeviceTokenInputViewController.swift */; };
		D98E44341F1BBE7F00429665 /* AppleMusicKitTests.swift in Sources */ = {isa = PBXBuildFile; fileRef = D98E44331F1BBE7F00429665 /* AppleMusicKitTests.swift */; };
		D98E44361F1BBE7F00429665 /* AppleMusicKit.framework in Frameworks */ = {isa = PBXBuildFile; fileRef = D9A024FC1F00F22300C49113 /* AppleMusicKit.framework */; };
		D98E443D1F1BBEF700429665 /* APIKit.framework in CopyFiles */ = {isa = PBXBuildFile; fileRef = D9A0250E1F00F63E00C49113 /* APIKit.framework */; settings = {ATTRIBUTES = (CodeSignOnCopy, RemoveHeadersOnCopy, ); }; };
		D98E443E1F1BBEF700429665 /* Result.framework in CopyFiles */ = {isa = PBXBuildFile; fileRef = D9A0250D1F00F63E00C49113 /* Result.framework */; settings = {ATTRIBUTES = (CodeSignOnCopy, RemoveHeadersOnCopy, ); }; };
		D98E44481F1D056F00429665 /* StorefrontTests.swift in Sources */ = {isa = PBXBuildFile; fileRef = D98E44471F1D056F00429665 /* StorefrontTests.swift */; };
		D99A8FD91F0954F70076EFBA /* SearchCatalog.swift in Sources */ = {isa = PBXBuildFile; fileRef = D99A8FD81F0954F70076EFBA /* SearchCatalog.swift */; };
		D9A025011F00F22400C49113 /* AppleMusicKit.h in Headers */ = {isa = PBXBuildFile; fileRef = D9A024FF1F00F22300C49113 /* AppleMusicKit.h */; settings = {ATTRIBUTES = (Public, ); }; };
		D9A025111F00F89F00C49113 /* AppleMusicKit.swift in Sources */ = {isa = PBXBuildFile; fileRef = D9A025101F00F89F00C49113 /* AppleMusicKit.swift */; };
		D9A025141F00F93800C49113 /* FetchSongs.swift in Sources */ = {isa = PBXBuildFile; fileRef = D9A025131F00F93800C49113 /* FetchSongs.swift */; };
		D9A025171F00F96C00C49113 /* Song.swift in Sources */ = {isa = PBXBuildFile; fileRef = D9A025161F00F96C00C49113 /* Song.swift */; };
		D9A025191F011FD000C49113 /* Album.swift in Sources */ = {isa = PBXBuildFile; fileRef = D9A025181F011FD000C49113 /* Album.swift */; };
		D9A0251B1F012A4F00C49113 /* Artist.swift in Sources */ = {isa = PBXBuildFile; fileRef = D9A0251A1F012A4F00C49113 /* Artist.swift */; };
		D9AD5EC31F02DD8500CE8468 /* AppDelegate.swift in Sources */ = {isa = PBXBuildFile; fileRef = D9AD5EC21F02DD8500CE8468 /* AppDelegate.swift */; };
		D9AD5EC51F02DD8500CE8468 /* ViewController.swift in Sources */ = {isa = PBXBuildFile; fileRef = D9AD5EC41F02DD8500CE8468 /* ViewController.swift */; };
		D9AD5ECA1F02DD8600CE8468 /* Assets.xcassets in Resources */ = {isa = PBXBuildFile; fileRef = D9AD5EC91F02DD8600CE8468 /* Assets.xcassets */; };
		D9AD5ECD1F02DD8600CE8468 /* LaunchScreen.storyboard in Resources */ = {isa = PBXBuildFile; fileRef = D9AD5ECB1F02DD8600CE8468 /* LaunchScreen.storyboard */; };
		D9B1A6DC1F051C6A0088DB93 /* FetchAlbums.swift in Sources */ = {isa = PBXBuildFile; fileRef = D9B1A6DB1F051C6A0088DB93 /* FetchAlbums.swift */; };
		D9B1D2761F06660400F3720B /* EditorialNotes.swift in Sources */ = {isa = PBXBuildFile; fileRef = D9B1D2751F06660400F3720B /* EditorialNotes.swift */; };
		D9B1D2781F06686600F3720B /* PlayParameters.swift in Sources */ = {isa = PBXBuildFile; fileRef = D9B1D2771F06686600F3720B /* PlayParameters.swift */; };
		D9B1D27A1F066C9000F3720B /* FetchMusicVideos.swift in Sources */ = {isa = PBXBuildFile; fileRef = D9B1D2791F066C9000F3720B /* FetchMusicVideos.swift */; };
		D9B46B181F0CC0220067B721 /* FetchRecommendations.swift in Sources */ = {isa = PBXBuildFile; fileRef = D9B46B171F0CC0220067B721 /* FetchRecommendations.swift */; };
		D9B46B1A1F0CDFC50067B721 /* FetchHistory.swift in Sources */ = {isa = PBXBuildFile; fileRef = D9B46B191F0CDFC50067B721 /* FetchHistory.swift */; };
		D9B46B1C1F0CE8510067B721 /* FetchRecent.swift in Sources */ = {isa = PBXBuildFile; fileRef = D9B46B1B1F0CE8510067B721 /* FetchRecent.swift */; };
		D9B46B1E1F0CF4C20067B721 /* AppleCurator.swift in Sources */ = {isa = PBXBuildFile; fileRef = D9B46B1D1F0CF4C20067B721 /* AppleCurator.swift */; };
		D9B46B201F0CF6310067B721 /* FetchCurators.swift in Sources */ = {isa = PBXBuildFile; fileRef = D9B46B1F1F0CF6310067B721 /* FetchCurators.swift */; };
		D9C4D5641F02334500D2B58F /* Request.swift in Sources */ = {isa = PBXBuildFile; fileRef = D9C4D5631F02334500D2B58F /* Request.swift */; };
		D9C4D5661F02343100D2B58F /* PaginatorRequest.swift in Sources */ = {isa = PBXBuildFile; fileRef = D9C4D5651F02343100D2B58F /* PaginatorRequest.swift */; };
		D9C795CA1F1D083F0008D43D /* get_storefront.json in Resources */ = {isa = PBXBuildFile; fileRef = D98E44461F1D051400429665 /* get_storefront.json */; };
		D9C795CB1F1D08440008D43D /* get_multiple_storefronts.json in Resources */ = {isa = PBXBuildFile; fileRef = D98E44431F1D051400429665 /* get_multiple_storefronts.json */; };
		D9C795CC1F1D08470008D43D /* get_all_storefronts.json in Resources */ = {isa = PBXBuildFile; fileRef = D98E44441F1D051400429665 /* get_all_storefronts.json */; };
		D9C795CD1F1D084A0008D43D /* get_users_storefront.json in Resources */ = {isa = PBXBuildFile; fileRef = D98E44451F1D051400429665 /* get_users_storefront.json */; };
		D9CFF7181F063AFE005F983D /* FetchArtists.swift in Sources */ = {isa = PBXBuildFile; fileRef = D9CFF7171F063AFE005F983D /* FetchArtists.swift */; };
		D9CFF71A1F063B38005F983D /* Genre.swift in Sources */ = {isa = PBXBuildFile; fileRef = D9CFF7191F063B38005F983D /* Genre.swift */; };
		D9CFF71C1F0648C5005F983D /* Artwork.swift in Sources */ = {isa = PBXBuildFile; fileRef = D9CFF71B1F0648C5005F983D /* Artwork.swift */; };
		D9CFF71E1F065225005F983D /* MusicVideo.swift in Sources */ = {isa = PBXBuildFile; fileRef = D9CFF71D1F065225005F983D /* MusicVideo.swift */; };
		D9DAE08D1F0A0190007EB5DE /* FetchStorefronts.swift in Sources */ = {isa = PBXBuildFile; fileRef = D9DAE08C1F0A0190007EB5DE /* FetchStorefronts.swift */; };
/* End PBXBuildFile section */

/* Begin PBXContainerItemProxy section */
		D9043B9F1F0360EF001D9B50 /* PBXContainerItemProxy */ = {
			isa = PBXContainerItemProxy;
			containerPortal = D9A024F31F00F22300C49113 /* Project object */;
			proxyType = 1;
			remoteGlobalIDString = D9A024FB1F00F22300C49113;
			remoteInfo = AppleMusicKit;
		};
		D98E44371F1BBE7F00429665 /* PBXContainerItemProxy */ = {
			isa = PBXContainerItemProxy;
			containerPortal = D9A024F31F00F22300C49113 /* Project object */;
			proxyType = 1;
			remoteGlobalIDString = D9A024FB1F00F22300C49113;
			remoteInfo = AppleMusicKit;
		};
/* End PBXContainerItemProxy section */

/* Begin PBXCopyFilesBuildPhase section */
		D9043BA11F0360EF001D9B50 /* Embed Frameworks */ = {
			isa = PBXCopyFilesBuildPhase;
			buildActionMask = 2147483647;
			dstPath = "";
			dstSubfolderSpec = 10;
			files = (
				D9043BA51F0360F5001D9B50 /* Result.framework in Embed Frameworks */,
				D9043BA31F0360F5001D9B50 /* APIKit.framework in Embed Frameworks */,
				D9043B9E1F0360EF001D9B50 /* AppleMusicKit.framework in Embed Frameworks */,
			);
			name = "Embed Frameworks";
			runOnlyForDeploymentPostprocessing = 0;
		};
		D98E443C1F1BBEE400429665 /* CopyFiles */ = {
			isa = PBXCopyFilesBuildPhase;
			buildActionMask = 2147483647;
			dstPath = "";
			dstSubfolderSpec = 10;
			files = (
				D98E443D1F1BBEF700429665 /* APIKit.framework in CopyFiles */,
				D98E443E1F1BBEF700429665 /* Result.framework in CopyFiles */,
			);
			runOnlyForDeploymentPostprocessing = 0;
		};
/* End PBXCopyFilesBuildPhase section */

/* Begin PBXFileReference section */
		D90ACBE01F0A2D4200D6CB94 /* Utils.swift */ = {isa = PBXFileReference; lastKnownFileType = sourcecode.swift; path = Utils.swift; sourceTree = "<group>"; };
		D90ACBE21F0A458E00D6CB94 /* FetchStations.swift */ = {isa = PBXFileReference; lastKnownFileType = sourcecode.swift; path = FetchStations.swift; sourceTree = "<group>"; };
		D90ACBE41F0A45CA00D6CB94 /* Station.swift */ = {isa = PBXFileReference; lastKnownFileType = sourcecode.swift; path = Station.swift; sourceTree = "<group>"; };
		D92087181F02563F00F995FA /* Storefront.swift */ = {isa = PBXFileReference; lastKnownFileType = sourcecode.swift; path = Storefront.swift; sourceTree = "<group>"; };
		D920871A1F0256C600F995FA /* Response.swift */ = {isa = PBXFileReference; lastKnownFileType = sourcecode.swift; path = Response.swift; sourceTree = "<group>"; };
		D920871C1F0266A200F995FA /* Session.swift */ = {isa = PBXFileReference; lastKnownFileType = sourcecode.swift; path = Session.swift; sourceTree = "<group>"; };
		D93B01011F0BE740005216B6 /* FetchGenres.swift */ = {isa = PBXFileReference; lastKnownFileType = sourcecode.swift; path = FetchGenres.swift; sourceTree = "<group>"; };
		D93B01051F0D3F6A005216B6 /* FetchAppleCurators.swift */ = {isa = PBXFileReference; lastKnownFileType = sourcecode.swift; path = FetchAppleCurators.swift; sourceTree = "<group>"; };
		D93B01071F0E87E2005216B6 /* Error.swift */ = {isa = PBXFileReference; lastKnownFileType = sourcecode.swift; path = Error.swift; sourceTree = "<group>"; };
		D93B356D1F092A1500A5D216 /* FetchCharts.swift */ = {isa = PBXFileReference; lastKnownFileType = sourcecode.swift; path = FetchCharts.swift; sourceTree = "<group>"; };
		D94E4C3A1F1E1F8900F0F757 /* TopViewController.swift */ = {isa = PBXFileReference; lastKnownFileType = sourcecode.swift; path = TopViewController.swift; sourceTree = "<group>"; };
		D96CB9DE1F0C976B003B8122 /* AnyResource.swift */ = {isa = PBXFileReference; lastKnownFileType = sourcecode.swift; path = AnyResource.swift; sourceTree = "<group>"; };
		D96CB9E01F0C9846003B8122 /* Recommendation.swift */ = {isa = PBXFileReference; lastKnownFileType = sourcecode.swift; path = Recommendation.swift; sourceTree = "<group>"; };
		D97C47011F07678500DADC28 /* Resource.swift */ = {isa = PBXFileReference; lastKnownFileType = sourcecode.swift; path = Resource.swift; sourceTree = "<group>"; };
		D97C47031F0769BE00DADC28 /* Playlist.swift */ = {isa = PBXFileReference; lastKnownFileType = sourcecode.swift; path = Playlist.swift; sourceTree = "<group>"; };
		D97C47051F076A2B00DADC28 /* FetchPlaylists.swift */ = {isa = PBXFileReference; lastKnownFileType = sourcecode.swift; path = FetchPlaylists.swift; sourceTree = "<group>"; };
		D97C47071F076A7900DADC28 /* Curator.swift */ = {isa = PBXFileReference; lastKnownFileType = sourcecode.swift; path = Curator.swift; sourceTree = "<group>"; };
		D98163E11F1E015C000341ED /* get_album.json */ = {isa = PBXFileReference; lastKnownFileType = text.json; path = get_album.json; sourceTree = "<group>"; };
		D98163E21F1E015C000341ED /* get_multiple_albums.json */ = {isa = PBXFileReference; lastKnownFileType = text.json; path = get_multiple_albums.json; sourceTree = "<group>"; };
		D98163E51F1E01B8000341ED /* AlbumTests.swift */ = {isa = PBXFileReference; lastKnownFileType = sourcecode.swift; path = AlbumTests.swift; sourceTree = "<group>"; };
		D98163E71F1E0A1D000341ED /* DeviceTokenInputViewController.swift */ = {isa = PBXFileReference; lastKnownFileType = sourcecode.swift; path = DeviceTokenInputViewController.swift; sourceTree = "<group>"; };
		D98E44311F1BBE7F00429665 /* AppleMusicKitTests.xctest */ = {isa = PBXFileReference; explicitFileType = wrapper.cfbundle; includeInIndex = 0; path = AppleMusicKitTests.xctest; sourceTree = BUILT_PRODUCTS_DIR; };
		D98E44331F1BBE7F00429665 /* AppleMusicKitTests.swift */ = {isa = PBXFileReference; lastKnownFileType = sourcecode.swift; path = AppleMusicKitTests.swift; sourceTree = "<group>"; };
		D98E44351F1BBE7F00429665 /* Info.plist */ = {isa = PBXFileReference; lastKnownFileType = text.plist.xml; path = Info.plist; sourceTree = "<group>"; };
		D98E44431F1D051400429665 /* get_multiple_storefronts.json */ = {isa = PBXFileReference; lastKnownFileType = text.json; path = get_multiple_storefronts.json; sourceTree = "<group>"; };
		D98E44441F1D051400429665 /* get_all_storefronts.json */ = {isa = PBXFileReference; lastKnownFileType = text.json; path = get_all_storefronts.json; sourceTree = "<group>"; };
		D98E44451F1D051400429665 /* get_users_storefront.json */ = {isa = PBXFileReference; lastKnownFileType = text.json; path = get_users_storefront.json; sourceTree = "<group>"; };
		D98E44461F1D051400429665 /* get_storefront.json */ = {isa = PBXFileReference; lastKnownFileType = text.json; path = get_storefront.json; sourceTree = "<group>"; };
		D98E44471F1D056F00429665 /* StorefrontTests.swift */ = {isa = PBXFileReference; lastKnownFileType = sourcecode.swift; path = StorefrontTests.swift; sourceTree = "<group>"; };
		D99A8FD81F0954F70076EFBA /* SearchCatalog.swift */ = {isa = PBXFileReference; lastKnownFileType = sourcecode.swift; path = SearchCatalog.swift; sourceTree = "<group>"; };
		D9A024FC1F00F22300C49113 /* AppleMusicKit.framework */ = {isa = PBXFileReference; explicitFileType = wrapper.framework; includeInIndex = 0; path = AppleMusicKit.framework; sourceTree = BUILT_PRODUCTS_DIR; };
		D9A024FF1F00F22300C49113 /* AppleMusicKit.h */ = {isa = PBXFileReference; lastKnownFileType = sourcecode.c.h; path = AppleMusicKit.h; sourceTree = "<group>"; };
		D9A025001F00F22400C49113 /* Info.plist */ = {isa = PBXFileReference; lastKnownFileType = text.plist.xml; path = Info.plist; sourceTree = "<group>"; };
		D9A0250D1F00F63E00C49113 /* Result.framework */ = {isa = PBXFileReference; lastKnownFileType = wrapper.framework; name = Result.framework; path = Carthage/Build/iOS/Result.framework; sourceTree = "<group>"; };
		D9A0250E1F00F63E00C49113 /* APIKit.framework */ = {isa = PBXFileReference; lastKnownFileType = wrapper.framework; name = APIKit.framework; path = Carthage/Build/iOS/APIKit.framework; sourceTree = "<group>"; };
		D9A025101F00F89F00C49113 /* AppleMusicKit.swift */ = {isa = PBXFileReference; lastKnownFileType = sourcecode.swift; path = AppleMusicKit.swift; sourceTree = "<group>"; };
		D9A025131F00F93800C49113 /* FetchSongs.swift */ = {isa = PBXFileReference; lastKnownFileType = sourcecode.swift; path = FetchSongs.swift; sourceTree = "<group>"; };
		D9A025161F00F96C00C49113 /* Song.swift */ = {isa = PBXFileReference; lastKnownFileType = sourcecode.swift; path = Song.swift; sourceTree = "<group>"; };
		D9A025181F011FD000C49113 /* Album.swift */ = {isa = PBXFileReference; lastKnownFileType = sourcecode.swift; path = Album.swift; sourceTree = "<group>"; };
		D9A0251A1F012A4F00C49113 /* Artist.swift */ = {isa = PBXFileReference; lastKnownFileType = sourcecode.swift; path = Artist.swift; sourceTree = "<group>"; };
		D9AD5EC01F02DD8500CE8468 /* Demo.app */ = {isa = PBXFileReference; explicitFileType = wrapper.application; includeInIndex = 0; path = Demo.app; sourceTree = BUILT_PRODUCTS_DIR; };
		D9AD5EC21F02DD8500CE8468 /* AppDelegate.swift */ = {isa = PBXFileReference; lastKnownFileType = sourcecode.swift; path = AppDelegate.swift; sourceTree = "<group>"; };
		D9AD5EC41F02DD8500CE8468 /* ViewController.swift */ = {isa = PBXFileReference; lastKnownFileType = sourcecode.swift; path = ViewController.swift; sourceTree = "<group>"; };
		D9AD5EC91F02DD8600CE8468 /* Assets.xcassets */ = {isa = PBXFileReference; lastKnownFileType = folder.assetcatalog; path = Assets.xcassets; sourceTree = "<group>"; };
		D9AD5ECC1F02DD8600CE8468 /* Base */ = {isa = PBXFileReference; lastKnownFileType = file.storyboard; name = Base; path = Base.lproj/LaunchScreen.storyboard; sourceTree = "<group>"; };
		D9AD5ECE1F02DD8600CE8468 /* Info.plist */ = {isa = PBXFileReference; lastKnownFileType = text.plist.xml; path = Info.plist; sourceTree = "<group>"; };
		D9B1A6DB1F051C6A0088DB93 /* FetchAlbums.swift */ = {isa = PBXFileReference; lastKnownFileType = sourcecode.swift; path = FetchAlbums.swift; sourceTree = "<group>"; };
		D9B1D2751F06660400F3720B /* EditorialNotes.swift */ = {isa = PBXFileReference; lastKnownFileType = sourcecode.swift; path = EditorialNotes.swift; sourceTree = "<group>"; };
		D9B1D2771F06686600F3720B /* PlayParameters.swift */ = {isa = PBXFileReference; lastKnownFileType = sourcecode.swift; path = PlayParameters.swift; sourceTree = "<group>"; };
		D9B1D2791F066C9000F3720B /* FetchMusicVideos.swift */ = {isa = PBXFileReference; lastKnownFileType = sourcecode.swift; path = FetchMusicVideos.swift; sourceTree = "<group>"; };
		D9B46B171F0CC0220067B721 /* FetchRecommendations.swift */ = {isa = PBXFileReference; lastKnownFileType = sourcecode.swift; path = FetchRecommendations.swift; sourceTree = "<group>"; };
		D9B46B191F0CDFC50067B721 /* FetchHistory.swift */ = {isa = PBXFileReference; lastKnownFileType = sourcecode.swift; path = FetchHistory.swift; sourceTree = "<group>"; };
		D9B46B1B1F0CE8510067B721 /* FetchRecent.swift */ = {isa = PBXFileReference; lastKnownFileType = sourcecode.swift; path = FetchRecent.swift; sourceTree = "<group>"; };
		D9B46B1D1F0CF4C20067B721 /* AppleCurator.swift */ = {isa = PBXFileReference; lastKnownFileType = sourcecode.swift; path = AppleCurator.swift; sourceTree = "<group>"; };
		D9B46B1F1F0CF6310067B721 /* FetchCurators.swift */ = {isa = PBXFileReference; lastKnownFileType = sourcecode.swift; path = FetchCurators.swift; sourceTree = "<group>"; };
		D9C4D5631F02334500D2B58F /* Request.swift */ = {isa = PBXFileReference; lastKnownFileType = sourcecode.swift; path = Request.swift; sourceTree = "<group>"; };
		D9C4D5651F02343100D2B58F /* PaginatorRequest.swift */ = {isa = PBXFileReference; lastKnownFileType = sourcecode.swift; path = PaginatorRequest.swift; sourceTree = "<group>"; };
		D9CFF7171F063AFE005F983D /* FetchArtists.swift */ = {isa = PBXFileReference; lastKnownFileType = sourcecode.swift; path = FetchArtists.swift; sourceTree = "<group>"; };
		D9CFF7191F063B38005F983D /* Genre.swift */ = {isa = PBXFileReference; lastKnownFileType = sourcecode.swift; path = Genre.swift; sourceTree = "<group>"; };
		D9CFF71B1F0648C5005F983D /* Artwork.swift */ = {isa = PBXFileReference; lastKnownFileType = sourcecode.swift; path = Artwork.swift; sourceTree = "<group>"; };
		D9CFF71D1F065225005F983D /* MusicVideo.swift */ = {isa = PBXFileReference; lastKnownFileType = sourcecode.swift; path = MusicVideo.swift; sourceTree = "<group>"; };
		D9DAE08C1F0A0190007EB5DE /* FetchStorefronts.swift */ = {isa = PBXFileReference; lastKnownFileType = sourcecode.swift; path = FetchStorefronts.swift; sourceTree = "<group>"; };
/* End PBXFileReference section */

/* Begin PBXFrameworksBuildPhase section */
		D98E442E1F1BBE7F00429665 /* Frameworks */ = {
			isa = PBXFrameworksBuildPhase;
			buildActionMask = 2147483647;
			files = (
				D98E44361F1BBE7F00429665 /* AppleMusicKit.framework in Frameworks */,
			);
			runOnlyForDeploymentPostprocessing = 0;
		};
		D9A024F81F00F22300C49113 /* Frameworks */ = {
			isa = PBXFrameworksBuildPhase;
			buildActionMask = 2147483647;
			files = (
			);
			runOnlyForDeploymentPostprocessing = 0;
		};
		D9AD5EBD1F02DD8500CE8468 /* Frameworks */ = {
			isa = PBXFrameworksBuildPhase;
			buildActionMask = 2147483647;
			files = (
				D9043BA41F0360F5001D9B50 /* Result.framework in Frameworks */,
				D9043BA21F0360F5001D9B50 /* APIKit.framework in Frameworks */,
				D9043B9D1F0360EF001D9B50 /* AppleMusicKit.framework in Frameworks */,
			);
			runOnlyForDeploymentPostprocessing = 0;
		};
/* End PBXFrameworksBuildPhase section */

/* Begin PBXGroup section */
		D97C46FD1F07673500DADC28 /* Response */ = {
			isa = PBXGroup;
			children = (
				D920871A1F0256C600F995FA /* Response.swift */,
				D97C47011F07678500DADC28 /* Resource.swift */,
				D96CB9DE1F0C976B003B8122 /* AnyResource.swift */,
			);
			path = Response;
			sourceTree = "<group>";
		};
		D98163E01F1E015C000341ED /* Albums */ = {
			isa = PBXGroup;
			children = (
				D98163E11F1E015C000341ED /* get_album.json */,
				D98163E21F1E015C000341ED /* get_multiple_albums.json */,
			);
			path = Albums;
			sourceTree = "<group>";
		};
		D98E44321F1BBE7F00429665 /* AppleMusicKitTests */ = {
			isa = PBXGroup;
			children = (
				D98E443F1F1D03E200429665 /* Fixtures */,
				D98E44331F1BBE7F00429665 /* AppleMusicKitTests.swift */,
				D98E44351F1BBE7F00429665 /* Info.plist */,
				D98E44471F1D056F00429665 /* StorefrontTests.swift */,
				D98163E51F1E01B8000341ED /* AlbumTests.swift */,
			);
			path = AppleMusicKitTests;
			sourceTree = "<group>";
		};
		D98E443F1F1D03E200429665 /* Fixtures */ = {
			isa = PBXGroup;
			children = (
				D98E44401F1D03F500429665 /* Storefronts */,
				D98163E01F1E015C000341ED /* Albums */,
			);
			path = Fixtures;
			sourceTree = "<group>";
		};
		D98E44401F1D03F500429665 /* Storefronts */ = {
			isa = PBXGroup;
			children = (
				D98E44461F1D051400429665 /* get_storefront.json */,
				D98E44431F1D051400429665 /* get_multiple_storefronts.json */,
				D98E44441F1D051400429665 /* get_all_storefronts.json */,
				D98E44451F1D051400429665 /* get_users_storefront.json */,
			);
			path = Storefronts;
			sourceTree = "<group>";
		};
		D9A024F21F00F22300C49113 = {
			isa = PBXGroup;
			children = (
				D9A0250F1F00F88400C49113 /* Sources */,
				D9A024FE1F00F22300C49113 /* AppleMusicKit */,
				D98E44321F1BBE7F00429665 /* AppleMusicKitTests */,
				D9AD5EC11F02DD8500CE8468 /* Demo */,
				D9A0250C1F00F61100C49113 /* Frameworks */,
				D9A024FD1F00F22300C49113 /* Products */,
			);
			sourceTree = "<group>";
		};
		D9A024FD1F00F22300C49113 /* Products */ = {
			isa = PBXGroup;
			children = (
				D9A024FC1F00F22300C49113 /* AppleMusicKit.framework */,
				D9AD5EC01F02DD8500CE8468 /* Demo.app */,
				D98E44311F1BBE7F00429665 /* AppleMusicKitTests.xctest */,
			);
			name = Products;
			sourceTree = "<group>";
		};
		D9A024FE1F00F22300C49113 /* AppleMusicKit */ = {
			isa = PBXGroup;
			children = (
				D9A024FF1F00F22300C49113 /* AppleMusicKit.h */,
				D9A025001F00F22400C49113 /* Info.plist */,
			);
			path = AppleMusicKit;
			sourceTree = "<group>";
		};
		D9A0250C1F00F61100C49113 /* Frameworks */ = {
			isa = PBXGroup;
			children = (
				D9A0250E1F00F63E00C49113 /* APIKit.framework */,
				D9A0250D1F00F63E00C49113 /* Result.framework */,
			);
			name = Frameworks;
			sourceTree = "<group>";
		};
		D9A0250F1F00F88400C49113 /* Sources */ = {
			isa = PBXGroup;
			children = (
				D9A025101F00F89F00C49113 /* AppleMusicKit.swift */,
				D9C4D5631F02334500D2B58F /* Request.swift */,
				D9C4D5651F02343100D2B58F /* PaginatorRequest.swift */,
				D920871C1F0266A200F995FA /* Session.swift */,
				D93B01071F0E87E2005216B6 /* Error.swift */,
				D9A025151F00F95E00C49113 /* Attributes */,
				D9A025121F00F92800C49113 /* Request */,
				D97C46FD1F07673500DADC28 /* Response */,
				D90ACBE01F0A2D4200D6CB94 /* Utils.swift */,
			);
			path = Sources;
			sourceTree = "<group>";
		};
		D9A025121F00F92800C49113 /* Request */ = {
			isa = PBXGroup;
			children = (
				D9DAE08C1F0A0190007EB5DE /* FetchStorefronts.swift */,
				D9A025131F00F93800C49113 /* FetchSongs.swift */,
				D9B1D2791F066C9000F3720B /* FetchMusicVideos.swift */,
				D9B1A6DB1F051C6A0088DB93 /* FetchAlbums.swift */,
				D9CFF7171F063AFE005F983D /* FetchArtists.swift */,
				D97C47051F076A2B00DADC28 /* FetchPlaylists.swift */,
				D9B46B1F1F0CF6310067B721 /* FetchCurators.swift */,
				D93B01051F0D3F6A005216B6 /* FetchAppleCurators.swift */,
				D93B356D1F092A1500A5D216 /* FetchCharts.swift */,
				D99A8FD81F0954F70076EFBA /* SearchCatalog.swift */,
				D90ACBE21F0A458E00D6CB94 /* FetchStations.swift */,
				D93B01011F0BE740005216B6 /* FetchGenres.swift */,
				D9B46B171F0CC0220067B721 /* FetchRecommendations.swift */,
				D9B46B191F0CDFC50067B721 /* FetchHistory.swift */,
				D9B46B1B1F0CE8510067B721 /* FetchRecent.swift */,
			);
			path = Request;
			sourceTree = "<group>";
		};
		D9A025151F00F95E00C49113 /* Attributes */ = {
			isa = PBXGroup;
			children = (
				D92087181F02563F00F995FA /* Storefront.swift */,
				D9CFF71B1F0648C5005F983D /* Artwork.swift */,
				D9A025161F00F96C00C49113 /* Song.swift */,
				D9A025181F011FD000C49113 /* Album.swift */,
				D9A0251A1F012A4F00C49113 /* Artist.swift */,
				D9CFF7191F063B38005F983D /* Genre.swift */,
				D9CFF71D1F065225005F983D /* MusicVideo.swift */,
				D9B1D2751F06660400F3720B /* EditorialNotes.swift */,
				D9B1D2771F06686600F3720B /* PlayParameters.swift */,
				D97C47031F0769BE00DADC28 /* Playlist.swift */,
				D97C47071F076A7900DADC28 /* Curator.swift */,
				D9B46B1D1F0CF4C20067B721 /* AppleCurator.swift */,
				D90ACBE41F0A45CA00D6CB94 /* Station.swift */,
				D96CB9E01F0C9846003B8122 /* Recommendation.swift */,
			);
			path = Attributes;
			sourceTree = "<group>";
		};
		D9AD5EC11F02DD8500CE8468 /* Demo */ = {
			isa = PBXGroup;
			children = (
				D9AD5EC21F02DD8500CE8468 /* AppDelegate.swift */,
				D94E4C3A1F1E1F8900F0F757 /* TopViewController.swift */,
				D98163E71F1E0A1D000341ED /* DeviceTokenInputViewController.swift */,
				D9AD5EC41F02DD8500CE8468 /* ViewController.swift */,
				D9AD5EC91F02DD8600CE8468 /* Assets.xcassets */,
				D9AD5ECB1F02DD8600CE8468 /* LaunchScreen.storyboard */,
				D9AD5ECE1F02DD8600CE8468 /* Info.plist */,
			);
			path = Demo;
			sourceTree = "<group>";
		};
/* End PBXGroup section */

/* Begin PBXHeadersBuildPhase section */
		D9A024F91F00F22300C49113 /* Headers */ = {
			isa = PBXHeadersBuildPhase;
			buildActionMask = 2147483647;
			files = (
				D9A025011F00F22400C49113 /* AppleMusicKit.h in Headers */,
			);
			runOnlyForDeploymentPostprocessing = 0;
		};
/* End PBXHeadersBuildPhase section */

/* Begin PBXNativeTarget section */
		D98E44301F1BBE7F00429665 /* AppleMusicKitTests */ = {
			isa = PBXNativeTarget;
			buildConfigurationList = D98E443B1F1BBE7F00429665 /* Build configuration list for PBXNativeTarget "AppleMusicKitTests" */;
			buildPhases = (
				D98E442D1F1BBE7F00429665 /* Sources */,
				D98E443C1F1BBEE400429665 /* CopyFiles */,
				D98E442E1F1BBE7F00429665 /* Frameworks */,
				D98E442F1F1BBE7F00429665 /* Resources */,
			);
			buildRules = (
			);
			dependencies = (
				D98E44381F1BBE7F00429665 /* PBXTargetDependency */,
			);
			name = AppleMusicKitTests;
			productName = AppleMusicKitTests;
			productReference = D98E44311F1BBE7F00429665 /* AppleMusicKitTests.xctest */;
			productType = "com.apple.product-type.bundle.unit-test";
		};
		D9A024FB1F00F22300C49113 /* AppleMusicKit */ = {
			isa = PBXNativeTarget;
			buildConfigurationList = D9A025041F00F22400C49113 /* Build configuration list for PBXNativeTarget "AppleMusicKit" */;
			buildPhases = (
				D9A024F71F00F22300C49113 /* Sources */,
				D9A024F81F00F22300C49113 /* Frameworks */,
				D9A024F91F00F22300C49113 /* Headers */,
				D9A024FA1F00F22300C49113 /* Resources */,
			);
			buildRules = (
			);
			dependencies = (
			);
			name = AppleMusicKit;
			productName = AppleMusicKit;
			productReference = D9A024FC1F00F22300C49113 /* AppleMusicKit.framework */;
			productType = "com.apple.product-type.framework";
		};
		D9AD5EBF1F02DD8500CE8468 /* Demo */ = {
			isa = PBXNativeTarget;
			buildConfigurationList = D9AD5ED11F02DD8600CE8468 /* Build configuration list for PBXNativeTarget "Demo" */;
			buildPhases = (
				D9AD5EBC1F02DD8500CE8468 /* Sources */,
				D9AD5EBD1F02DD8500CE8468 /* Frameworks */,
				D9AD5EBE1F02DD8500CE8468 /* Resources */,
				D9043BA11F0360EF001D9B50 /* Embed Frameworks */,
			);
			buildRules = (
			);
			dependencies = (
				D9043BA01F0360EF001D9B50 /* PBXTargetDependency */,
			);
			name = Demo;
			productName = Demo;
			productReference = D9AD5EC01F02DD8500CE8468 /* Demo.app */;
			productType = "com.apple.product-type.application";
		};
/* End PBXNativeTarget section */

/* Begin PBXProject section */
		D9A024F31F00F22300C49113 /* Project object */ = {
			isa = PBXProject;
			attributes = {
				LastSwiftUpdateCheck = 0900;
				LastUpgradeCheck = 0900;
				ORGANIZATIONNAME = jp.sora0077;
				TargetAttributes = {
					D98E44301F1BBE7F00429665 = {
						CreatedOnToolsVersion = 9.0;
					};
					D9A024FB1F00F22300C49113 = {
						CreatedOnToolsVersion = 9.0;
						LastSwiftMigration = 0900;
					};
					D9AD5EBF1F02DD8500CE8468 = {
						CreatedOnToolsVersion = 9.0;
					};
				};
			};
			buildConfigurationList = D9A024F61F00F22300C49113 /* Build configuration list for PBXProject "AppleMusicKit" */;
			compatibilityVersion = "Xcode 8.0";
			developmentRegion = en;
			hasScannedForEncodings = 0;
			knownRegions = (
				en,
				Base,
			);
			mainGroup = D9A024F21F00F22300C49113;
			productRefGroup = D9A024FD1F00F22300C49113 /* Products */;
			projectDirPath = "";
			projectRoot = "";
			targets = (
				D9A024FB1F00F22300C49113 /* AppleMusicKit */,
				D98E44301F1BBE7F00429665 /* AppleMusicKitTests */,
				D9AD5EBF1F02DD8500CE8468 /* Demo */,
			);
		};
/* End PBXProject section */

/* Begin PBXResourcesBuildPhase section */
		D98E442F1F1BBE7F00429665 /* Resources */ = {
			isa = PBXResourcesBuildPhase;
			buildActionMask = 2147483647;
			files = (
				D9C795CB1F1D08440008D43D /* get_multiple_storefronts.json in Resources */,
				D9C795CC1F1D08470008D43D /* get_all_storefronts.json in Resources */,
				D9C795CA1F1D083F0008D43D /* get_storefront.json in Resources */,
				D9C795CD1F1D084A0008D43D /* get_users_storefront.json in Resources */,
				D98163E41F1E016B000341ED /* get_multiple_albums.json in Resources */,
				D98163E31F1E0168000341ED /* get_album.json in Resources */,
			);
			runOnlyForDeploymentPostprocessing = 0;
		};
		D9A024FA1F00F22300C49113 /* Resources */ = {
			isa = PBXResourcesBuildPhase;
			buildActionMask = 2147483647;
			files = (
			);
			runOnlyForDeploymentPostprocessing = 0;
		};
		D9AD5EBE1F02DD8500CE8468 /* Resources */ = {
			isa = PBXResourcesBuildPhase;
			buildActionMask = 2147483647;
			files = (
				D9AD5ECD1F02DD8600CE8468 /* LaunchScreen.storyboard in Resources */,
				D9AD5ECA1F02DD8600CE8468 /* Assets.xcassets in Resources */,
			);
			runOnlyForDeploymentPostprocessing = 0;
		};
/* End PBXResourcesBuildPhase section */

/* Begin PBXSourcesBuildPhase section */
		D98E442D1F1BBE7F00429665 /* Sources */ = {
			isa = PBXSourcesBuildPhase;
			buildActionMask = 2147483647;
			files = (
				D98163E61F1E01B8000341ED /* AlbumTests.swift in Sources */,
				D98E44341F1BBE7F00429665 /* AppleMusicKitTests.swift in Sources */,
				D98E44481F1D056F00429665 /* StorefrontTests.swift in Sources */,
			);
			runOnlyForDeploymentPostprocessing = 0;
		};
		D9A024F71F00F22300C49113 /* Sources */ = {
			isa = PBXSourcesBuildPhase;
			buildActionMask = 2147483647;
			files = (
				D93B01061F0D3F6A005216B6 /* FetchAppleCurators.swift in Sources */,
				D93B356E1F092B1200A5D216 /* FetchCharts.swift in Sources */,
				D99A8FD91F0954F70076EFBA /* SearchCatalog.swift in Sources */,
				D920871D1F0266A200F995FA /* Session.swift in Sources */,
				D9A025171F00F96C00C49113 /* Song.swift in Sources */,
				D9CFF71C1F0648C5005F983D /* Artwork.swift in Sources */,
				D90ACBE11F0A2D4200D6CB94 /* Utils.swift in Sources */,
				D90ACBE51F0A45CA00D6CB94 /* Station.swift in Sources */,
				D9B46B1E1F0CF4C20067B721 /* AppleCurator.swift in Sources */,
				D9B46B181F0CC0220067B721 /* FetchRecommendations.swift in Sources */,
				D90ACBE31F0A458E00D6CB94 /* FetchStations.swift in Sources */,
				D9B46B1A1F0CDFC50067B721 /* FetchHistory.swift in Sources */,
				D96CB9E11F0C9846003B8122 /* Recommendation.swift in Sources */,
				D92087191F02563F00F995FA /* Storefront.swift in Sources */,
				D9B1D27A1F066C9000F3720B /* FetchMusicVideos.swift in Sources */,
				D9C4D5641F02334500D2B58F /* Request.swift in Sources */,
				D9B1D2761F06660400F3720B /* EditorialNotes.swift in Sources */,
				D9A025111F00F89F00C49113 /* AppleMusicKit.swift in Sources */,
				D93B01081F0E87E2005216B6 /* Error.swift in Sources */,
				D9B1D2781F06686600F3720B /* PlayParameters.swift in Sources */,
				D9CFF7181F063AFE005F983D /* FetchArtists.swift in Sources */,
				D920871B1F0256C600F995FA /* Response.swift in Sources */,
				D9A025141F00F93800C49113 /* FetchSongs.swift in Sources */,
				D97C47021F07678500DADC28 /* Resource.swift in Sources */,
				D9A0251B1F012A4F00C49113 /* Artist.swift in Sources */,
				D9B46B201F0CF6310067B721 /* FetchCurators.swift in Sources */,
				D97C47061F076A2B00DADC28 /* FetchPlaylists.swift in Sources */,
				D9CFF71A1F063B38005F983D /* Genre.swift in Sources */,
				D9C4D5661F02343100D2B58F /* PaginatorRequest.swift in Sources */,
				D9CFF71E1F065225005F983D /* MusicVideo.swift in Sources */,
				D9DAE08D1F0A0190007EB5DE /* FetchStorefronts.swift in Sources */,
				D9B46B1C1F0CE8510067B721 /* FetchRecent.swift in Sources */,
				D97C47081F076A7900DADC28 /* Curator.swift in Sources */,
				D9A025191F011FD000C49113 /* Album.swift in Sources */,
				D93B01021F0BE740005216B6 /* FetchGenres.swift in Sources */,
				D9B1A6DC1F051C6A0088DB93 /* FetchAlbums.swift in Sources */,
				D96CB9DF1F0C976B003B8122 /* AnyResource.swift in Sources */,
				D97C47041F0769BE00DADC28 /* Playlist.swift in Sources */,
			);
			runOnlyForDeploymentPostprocessing = 0;
		};
		D9AD5EBC1F02DD8500CE8468 /* Sources */ = {
			isa = PBXSourcesBuildPhase;
			buildActionMask = 2147483647;
			files = (
				D94E4C3B1F1E1F8900F0F757 /* TopViewController.swift in Sources */,
				D9AD5EC51F02DD8500CE8468 /* ViewController.swift in Sources */,
				D98163E81F1E0A1D000341ED /* DeviceTokenInputViewController.swift in Sources */,
				D9AD5EC31F02DD8500CE8468 /* AppDelegate.swift in Sources */,
			);
			runOnlyForDeploymentPostprocessing = 0;
		};
/* End PBXSourcesBuildPhase section */

/* Begin PBXTargetDependency section */
		D9043BA01F0360EF001D9B50 /* PBXTargetDependency */ = {
			isa = PBXTargetDependency;
			target = D9A024FB1F00F22300C49113 /* AppleMusicKit */;
			targetProxy = D9043B9F1F0360EF001D9B50 /* PBXContainerItemProxy */;
		};
		D98E44381F1BBE7F00429665 /* PBXTargetDependency */ = {
			isa = PBXTargetDependency;
			target = D9A024FB1F00F22300C49113 /* AppleMusicKit */;
			targetProxy = D98E44371F1BBE7F00429665 /* PBXContainerItemProxy */;
		};
/* End PBXTargetDependency section */

/* Begin PBXVariantGroup section */
		D9AD5ECB1F02DD8600CE8468 /* LaunchScreen.storyboard */ = {
			isa = PBXVariantGroup;
			children = (
				D9AD5ECC1F02DD8600CE8468 /* Base */,
			);
			name = LaunchScreen.storyboard;
			sourceTree = "<group>";
		};
/* End PBXVariantGroup section */

/* Begin XCBuildConfiguration section */
		D98E44391F1BBE7F00429665 /* Debug */ = {
			isa = XCBuildConfiguration;
			buildSettings = {
				CLANG_WARN_NON_LITERAL_NULL_CONVERSION = YES;
				CLANG_WARN_OBJC_LITERAL_CONVERSION = YES;
				INFOPLIST_FILE = AppleMusicKitTests/Info.plist;
				LD_RUNPATH_SEARCH_PATHS = "$(inherited) @executable_path/Frameworks @loader_path/Frameworks";
				PRODUCT_BUNDLE_IDENTIFIER = jp.sora0077.AppleMusicKitTests;
				PRODUCT_NAME = "$(TARGET_NAME)";
				SWIFT_VERSION = 4.0;
				TARGETED_DEVICE_FAMILY = "1,2";
			};
			name = Debug;
		};
		D98E443A1F1BBE7F00429665 /* Release */ = {
			isa = XCBuildConfiguration;
			buildSettings = {
				CLANG_WARN_NON_LITERAL_NULL_CONVERSION = YES;
				CLANG_WARN_OBJC_LITERAL_CONVERSION = YES;
				INFOPLIST_FILE = AppleMusicKitTests/Info.plist;
				LD_RUNPATH_SEARCH_PATHS = "$(inherited) @executable_path/Frameworks @loader_path/Frameworks";
				PRODUCT_BUNDLE_IDENTIFIER = jp.sora0077.AppleMusicKitTests;
				PRODUCT_NAME = "$(TARGET_NAME)";
				SWIFT_VERSION = 4.0;
				TARGETED_DEVICE_FAMILY = "1,2";
			};
			name = Release;
		};
		D9A025021F00F22400C49113 /* Debug */ = {
			isa = XCBuildConfiguration;
			buildSettings = {
				ALWAYS_SEARCH_USER_PATHS = NO;
				CLANG_ANALYZER_NONNULL = YES;
				CLANG_ANALYZER_NUMBER_OBJECT_CONVERSION = YES_AGGRESSIVE;
				CLANG_CXX_LANGUAGE_STANDARD = "gnu++14";
				CLANG_CXX_LIBRARY = "libc++";
				CLANG_ENABLE_MODULES = YES;
				CLANG_ENABLE_OBJC_ARC = YES;
				CLANG_WARN_BLOCK_CAPTURE_AUTORELEASING = YES;
				CLANG_WARN_BOOL_CONVERSION = YES;
				CLANG_WARN_COMMA = YES;
				CLANG_WARN_CONSTANT_CONVERSION = YES;
				CLANG_WARN_DIRECT_OBJC_ISA_USAGE = YES_ERROR;
				CLANG_WARN_DOCUMENTATION_COMMENTS = YES;
				CLANG_WARN_EMPTY_BODY = YES;
				CLANG_WARN_ENUM_CONVERSION = YES;
				CLANG_WARN_INFINITE_RECURSION = YES;
				CLANG_WARN_INT_CONVERSION = YES;
				CLANG_WARN_OBJC_ROOT_CLASS = YES_ERROR;
				CLANG_WARN_RANGE_LOOP_ANALYSIS = YES;
				CLANG_WARN_STRICT_PROTOTYPES = YES;
				CLANG_WARN_SUSPICIOUS_MOVE = YES;
				CLANG_WARN_UNGUARDED_AVAILABILITY = YES_AGGRESSIVE;
				CLANG_WARN_UNREACHABLE_CODE = YES;
				CLANG_WARN__DUPLICATE_METHOD_MATCH = YES;
				CODE_SIGN_IDENTITY = "iPhone Developer";
				COPY_PHASE_STRIP = NO;
				CURRENT_PROJECT_VERSION = 1;
				DEBUG_INFORMATION_FORMAT = dwarf;
				ENABLE_STRICT_OBJC_MSGSEND = YES;
				ENABLE_TESTABILITY = YES;
				GCC_C_LANGUAGE_STANDARD = gnu11;
				GCC_DYNAMIC_NO_PIC = NO;
				GCC_NO_COMMON_BLOCKS = YES;
				GCC_OPTIMIZATION_LEVEL = 0;
				GCC_PREPROCESSOR_DEFINITIONS = (
					"DEBUG=1",
					"$(inherited)",
				);
				GCC_WARN_64_TO_32_BIT_CONVERSION = YES;
				GCC_WARN_ABOUT_RETURN_TYPE = YES_ERROR;
				GCC_WARN_UNDECLARED_SELECTOR = YES;
				GCC_WARN_UNINITIALIZED_AUTOS = YES_AGGRESSIVE;
				GCC_WARN_UNUSED_FUNCTION = YES;
				GCC_WARN_UNUSED_VARIABLE = YES;
				IPHONEOS_DEPLOYMENT_TARGET = 11.0;
				MTL_ENABLE_DEBUG_INFO = YES;
				ONLY_ACTIVE_ARCH = YES;
				SDKROOT = iphoneos;
				SWIFT_ACTIVE_COMPILATION_CONDITIONS = DEBUG;
				SWIFT_OPTIMIZATION_LEVEL = "-Onone";
				VERSIONING_SYSTEM = "apple-generic";
				VERSION_INFO_PREFIX = "";
			};
			name = Debug;
		};
		D9A025031F00F22400C49113 /* Release */ = {
			isa = XCBuildConfiguration;
			buildSettings = {
				ALWAYS_SEARCH_USER_PATHS = NO;
				CLANG_ANALYZER_NONNULL = YES;
				CLANG_ANALYZER_NUMBER_OBJECT_CONVERSION = YES_AGGRESSIVE;
				CLANG_CXX_LANGUAGE_STANDARD = "gnu++14";
				CLANG_CXX_LIBRARY = "libc++";
				CLANG_ENABLE_MODULES = YES;
				CLANG_ENABLE_OBJC_ARC = YES;
				CLANG_WARN_BLOCK_CAPTURE_AUTORELEASING = YES;
				CLANG_WARN_BOOL_CONVERSION = YES;
				CLANG_WARN_COMMA = YES;
				CLANG_WARN_CONSTANT_CONVERSION = YES;
				CLANG_WARN_DIRECT_OBJC_ISA_USAGE = YES_ERROR;
				CLANG_WARN_DOCUMENTATION_COMMENTS = YES;
				CLANG_WARN_EMPTY_BODY = YES;
				CLANG_WARN_ENUM_CONVERSION = YES;
				CLANG_WARN_INFINITE_RECURSION = YES;
				CLANG_WARN_INT_CONVERSION = YES;
				CLANG_WARN_OBJC_ROOT_CLASS = YES_ERROR;
				CLANG_WARN_RANGE_LOOP_ANALYSIS = YES;
				CLANG_WARN_STRICT_PROTOTYPES = YES;
				CLANG_WARN_SUSPICIOUS_MOVE = YES;
				CLANG_WARN_UNGUARDED_AVAILABILITY = YES_AGGRESSIVE;
				CLANG_WARN_UNREACHABLE_CODE = YES;
				CLANG_WARN__DUPLICATE_METHOD_MATCH = YES;
				CODE_SIGN_IDENTITY = "iPhone Developer";
				COPY_PHASE_STRIP = NO;
				CURRENT_PROJECT_VERSION = 1;
				DEBUG_INFORMATION_FORMAT = "dwarf-with-dsym";
				ENABLE_NS_ASSERTIONS = NO;
				ENABLE_STRICT_OBJC_MSGSEND = YES;
				GCC_C_LANGUAGE_STANDARD = gnu11;
				GCC_NO_COMMON_BLOCKS = YES;
				GCC_WARN_64_TO_32_BIT_CONVERSION = YES;
				GCC_WARN_ABOUT_RETURN_TYPE = YES_ERROR;
				GCC_WARN_UNDECLARED_SELECTOR = YES;
				GCC_WARN_UNINITIALIZED_AUTOS = YES_AGGRESSIVE;
				GCC_WARN_UNUSED_FUNCTION = YES;
				GCC_WARN_UNUSED_VARIABLE = YES;
				IPHONEOS_DEPLOYMENT_TARGET = 11.0;
				MTL_ENABLE_DEBUG_INFO = NO;
				SDKROOT = iphoneos;
				SWIFT_OPTIMIZATION_LEVEL = "-Owholemodule";
				VALIDATE_PRODUCT = YES;
				VERSIONING_SYSTEM = "apple-generic";
				VERSION_INFO_PREFIX = "";
			};
			name = Release;
		};
		D9A025051F00F22400C49113 /* Debug */ = {
			isa = XCBuildConfiguration;
			buildSettings = {
				CLANG_ENABLE_MODULES = YES;
				CODE_SIGN_IDENTITY = "";
				DEFINES_MODULE = YES;
				DYLIB_COMPATIBILITY_VERSION = 1;
				DYLIB_CURRENT_VERSION = 1;
				DYLIB_INSTALL_NAME_BASE = "@rpath";
				FRAMEWORK_SEARCH_PATHS = (
					"$(inherited)",
					"$(PROJECT_DIR)/Carthage/Build/iOS",
				);
				INFOPLIST_FILE = AppleMusicKit/Info.plist;
				INSTALL_PATH = "$(LOCAL_LIBRARY_DIR)/Frameworks";
				LD_RUNPATH_SEARCH_PATHS = "$(inherited) @executable_path/Frameworks @loader_path/Frameworks";
				PRODUCT_BUNDLE_IDENTIFIER = jp.sora0077.AppleMusicKit;
				PRODUCT_NAME = "$(TARGET_NAME:c99extidentifier)";
				SKIP_INSTALL = YES;
				SWIFT_OPTIMIZATION_LEVEL = "-Onone";
				SWIFT_VERSION = 4.0;
				TARGETED_DEVICE_FAMILY = "1,2";
			};
			name = Debug;
		};
		D9A025061F00F22400C49113 /* Release */ = {
			isa = XCBuildConfiguration;
			buildSettings = {
				CLANG_ENABLE_MODULES = YES;
				CODE_SIGN_IDENTITY = "";
				DEFINES_MODULE = YES;
				DYLIB_COMPATIBILITY_VERSION = 1;
				DYLIB_CURRENT_VERSION = 1;
				DYLIB_INSTALL_NAME_BASE = "@rpath";
				FRAMEWORK_SEARCH_PATHS = (
					"$(inherited)",
					"$(PROJECT_DIR)/Carthage/Build/iOS",
				);
				INFOPLIST_FILE = AppleMusicKit/Info.plist;
				INSTALL_PATH = "$(LOCAL_LIBRARY_DIR)/Frameworks";
				LD_RUNPATH_SEARCH_PATHS = "$(inherited) @executable_path/Frameworks @loader_path/Frameworks";
				PRODUCT_BUNDLE_IDENTIFIER = jp.sora0077.AppleMusicKit;
				PRODUCT_NAME = "$(TARGET_NAME:c99extidentifier)";
				SKIP_INSTALL = YES;
				SWIFT_VERSION = 4.0;
				TARGETED_DEVICE_FAMILY = "1,2";
			};
			name = Release;
		};
		D9AD5ECF1F02DD8600CE8468 /* Debug */ = {
			isa = XCBuildConfiguration;
			buildSettings = {
				ALWAYS_EMBED_SWIFT_STANDARD_LIBRARIES = YES;
				ASSETCATALOG_COMPILER_APPICON_NAME = AppIcon;
				FRAMEWORK_SEARCH_PATHS = (
					"$(inherited)",
					"$(PROJECT_DIR)/Carthage/Build/iOS",
				);
				INFOPLIST_FILE = Demo/Info.plist;
				LD_RUNPATH_SEARCH_PATHS = "$(inherited) @executable_path/Frameworks";
				PRODUCT_BUNDLE_IDENTIFIER = jp.sora0077.musickit.Demo;
				PRODUCT_NAME = "$(TARGET_NAME)";
				SWIFT_VERSION = 4.0;
				TARGETED_DEVICE_FAMILY = "1,2";
			};
			name = Debug;
		};
		D9AD5ED01F02DD8600CE8468 /* Release */ = {
			isa = XCBuildConfiguration;
			buildSettings = {
				ALWAYS_EMBED_SWIFT_STANDARD_LIBRARIES = YES;
				ASSETCATALOG_COMPILER_APPICON_NAME = AppIcon;
				FRAMEWORK_SEARCH_PATHS = (
					"$(inherited)",
					"$(PROJECT_DIR)/Carthage/Build/iOS",
				);
				INFOPLIST_FILE = Demo/Info.plist;
				LD_RUNPATH_SEARCH_PATHS = "$(inherited) @executable_path/Frameworks";
				PRODUCT_BUNDLE_IDENTIFIER = jp.sora0077.musickit.Demo;
				PRODUCT_NAME = "$(TARGET_NAME)";
				SWIFT_VERSION = 4.0;
				TARGETED_DEVICE_FAMILY = "1,2";
			};
			name = Release;
		};
/* End XCBuildConfiguration section */

/* Begin XCConfigurationList section */
		D98E443B1F1BBE7F00429665 /* Build configuration list for PBXNativeTarget "AppleMusicKitTests" */ = {
			isa = XCConfigurationList;
			buildConfigurations = (
				D98E44391F1BBE7F00429665 /* Debug */,
				D98E443A1F1BBE7F00429665 /* Release */,
			);
			defaultConfigurationIsVisible = 0;
			defaultConfigurationName = Release;
		};
		D9A024F61F00F22300C49113 /* Build configuration list for PBXProject "AppleMusicKit" */ = {
			isa = XCConfigurationList;
			buildConfigurations = (
				D9A025021F00F22400C49113 /* Debug */,
				D9A025031F00F22400C49113 /* Release */,
			);
			defaultConfigurationIsVisible = 0;
			defaultConfigurationName = Release;
		};
		D9A025041F00F22400C49113 /* Build configuration list for PBXNativeTarget "AppleMusicKit" */ = {
			isa = XCConfigurationList;
			buildConfigurations = (
				D9A025051F00F22400C49113 /* Debug */,
				D9A025061F00F22400C49113 /* Release */,
			);
			defaultConfigurationIsVisible = 0;
			defaultConfigurationName = Release;
		};
		D9AD5ED11F02DD8600CE8468 /* Build configuration list for PBXNativeTarget "Demo" */ = {
			isa = XCConfigurationList;
			buildConfigurations = (
				D9AD5ECF1F02DD8600CE8468 /* Debug */,
				D9AD5ED01F02DD8600CE8468 /* Release */,
			);
			defaultConfigurationIsVisible = 0;
			defaultConfigurationName = Release;
		};
/* End XCConfigurationList section */
	};
	rootObject = D9A024F31F00F22300C49113 /* Project object */;
}
